// !$*UTF8*$!
{
	archiveVersion = 1;
	classes = {
	};
	objectVersion = 48;
	objects = {

/* Begin PBXBuildFile section */
		3B6B439E1F186D1900CFCD05 /* Type.swift in Sources */ = {isa = PBXBuildFile; fileRef = 3B6B439D1F186D1900CFCD05 /* Type.swift */; };
		3B6B43A01F18711600CFCD05 /* Available.swift in Sources */ = {isa = PBXBuildFile; fileRef = 3B6B439F1F18711600CFCD05 /* Available.swift */; };
		3B6B43A21F1CC3F900CFCD05 /* Config.swift in Sources */ = {isa = PBXBuildFile; fileRef = 3B6B43A11F1CC3F900CFCD05 /* Config.swift */; };
		3B6B43AA1F1DA93D00CFCD05 /* TypeParser.swift in Sources */ = {isa = PBXBuildFile; fileRef = 3B6B43A91F1DA93D00CFCD05 /* TypeParser.swift */; };
		3B7398291F16521D006470FE /* main.swift in Sources */ = {isa = PBXBuildFile; fileRef = 3B7398281F16521D006470FE /* main.swift */; };
		3B7398321F17090A006470FE /* Property.swift in Sources */ = {isa = PBXBuildFile; fileRef = 3B7398311F17090A006470FE /* Property.swift */; };
		3B7398341F170B18006470FE /* Parser.swift in Sources */ = {isa = PBXBuildFile; fileRef = 3B7398331F170B18006470FE /* Parser.swift */; };
		3B7398361F170D87006470FE /* StringExtensions.swift in Sources */ = {isa = PBXBuildFile; fileRef = 3B7398351F170D87006470FE /* StringExtensions.swift */; };
		3B7398381F175E8C006470FE /* Generator.swift in Sources */ = {isa = PBXBuildFile; fileRef = 3B7398371F175E8C006470FE /* Generator.swift */; };
		3B73983A1F17AF67006470FE /* Files.swift in Sources */ = {isa = PBXBuildFile; fileRef = 3B7398391F17AF67006470FE /* Files.swift */; };
		3BE220D41F22EFB7005D81E9 /* Method.swift in Sources */ = {isa = PBXBuildFile; fileRef = 3BE220D31F22EFB7005D81E9 /* Method.swift */; };
/* End PBXBuildFile section */

/* Begin PBXCopyFilesBuildPhase section */
		3B7398231F16521D006470FE /* CopyFiles */ = {
			isa = PBXCopyFilesBuildPhase;
			buildActionMask = 2147483647;
			dstPath = /usr/share/man/man1/;
			dstSubfolderSpec = 0;
			files = (
			);
			runOnlyForDeploymentPostprocessing = 1;
		};
/* End PBXCopyFilesBuildPhase section */

/* Begin PBXFileReference section */
		3B6B439D1F186D1900CFCD05 /* Type.swift */ = {isa = PBXFileReference; lastKnownFileType = sourcecode.swift; path = Type.swift; sourceTree = "<group>"; };
		3B6B439F1F18711600CFCD05 /* Available.swift */ = {isa = PBXFileReference; lastKnownFileType = sourcecode.swift; path = Available.swift; sourceTree = "<group>"; };
		3B6B43A11F1CC3F900CFCD05 /* Config.swift */ = {isa = PBXFileReference; lastKnownFileType = sourcecode.swift; path = Config.swift; sourceTree = "<group>"; };
		3B6B43A91F1DA93D00CFCD05 /* TypeParser.swift */ = {isa = PBXFileReference; lastKnownFileType = sourcecode.swift; path = TypeParser.swift; sourceTree = "<group>"; };
		3B7398251F16521D006470FE /* PandaMom */ = {isa = PBXFileReference; explicitFileType = "compiled.mach-o.executable"; includeInIndex = 0; path = PandaMom; sourceTree = BUILT_PRODUCTS_DIR; };
		3B7398281F16521D006470FE /* main.swift */ = {isa = PBXFileReference; lastKnownFileType = sourcecode.swift; path = main.swift; sourceTree = "<group>"; };
		3B7398311F17090A006470FE /* Property.swift */ = {isa = PBXFileReference; lastKnownFileType = sourcecode.swift; path = Property.swift; sourceTree = "<group>"; };
		3B7398331F170B18006470FE /* Parser.swift */ = {isa = PBXFileReference; lastKnownFileType = sourcecode.swift; path = Parser.swift; sourceTree = "<group>"; };
		3B7398351F170D87006470FE /* StringExtensions.swift */ = {isa = PBXFileReference; lastKnownFileType = sourcecode.swift; path = StringExtensions.swift; sourceTree = "<group>"; };
		3B7398371F175E8C006470FE /* Generator.swift */ = {isa = PBXFileReference; lastKnownFileType = sourcecode.swift; path = Generator.swift; sourceTree = "<group>"; };
		3B7398391F17AF67006470FE /* Files.swift */ = {isa = PBXFileReference; lastKnownFileType = sourcecode.swift; path = Files.swift; sourceTree = "<group>"; };
		3BE220D31F22EFB7005D81E9 /* Method.swift */ = {isa = PBXFileReference; lastKnownFileType = sourcecode.swift; path = Method.swift; sourceTree = "<group>"; };
/* End PBXFileReference section */

/* Begin PBXFrameworksBuildPhase section */
		3B7398221F16521D006470FE /* Frameworks */ = {
			isa = PBXFrameworksBuildPhase;
			buildActionMask = 2147483647;
			files = (
			);
			runOnlyForDeploymentPostprocessing = 0;
		};
/* End PBXFrameworksBuildPhase section */

/* Begin PBXGroup section */
		3B73981C1F16521D006470FE = {
			isa = PBXGroup;
			children = (
				3B7398271F16521D006470FE /* Sources */,
				3B7398261F16521D006470FE /* Products */,
			);
			sourceTree = "<group>";
		};
		3B7398261F16521D006470FE /* Products */ = {
			isa = PBXGroup;
			children = (
				3B7398251F16521D006470FE /* PandaMom */,
			);
			name = Products;
			sourceTree = "<group>";
		};
		3B7398271F16521D006470FE /* Sources */ = {
			isa = PBXGroup;
			children = (
				3B7398281F16521D006470FE /* main.swift */,
				3B6B43A11F1CC3F900CFCD05 /* Config.swift */,
				3B6B439F1F18711600CFCD05 /* Available.swift */,
				3B6B439D1F186D1900CFCD05 /* Type.swift */,
				3B6B43A91F1DA93D00CFCD05 /* TypeParser.swift */,
				3B7398311F17090A006470FE /* Property.swift */,
				3BE220D31F22EFB7005D81E9 /* Method.swift */,
				3B7398331F170B18006470FE /* Parser.swift */,
				3B7398371F175E8C006470FE /* Generator.swift */,
				3B7398391F17AF67006470FE /* Files.swift */,
				3B7398351F170D87006470FE /* StringExtensions.swift */,
			);
			path = Sources;
			sourceTree = "<group>";
		};
/* End PBXGroup section */

/* Begin PBXNativeTarget section */
		3B7398241F16521D006470FE /* PandaMom */ = {
			isa = PBXNativeTarget;
			buildConfigurationList = 3B73982C1F16521D006470FE /* Build configuration list for PBXNativeTarget "PandaMom" */;
			buildPhases = (
				3B7398211F16521D006470FE /* Sources */,
				3B7398221F16521D006470FE /* Frameworks */,
				3B7398231F16521D006470FE /* CopyFiles */,
			);
			buildRules = (
			);
			dependencies = (
			);
			name = PandaMom;
			productName = PandaMom;
			productReference = 3B7398251F16521D006470FE /* PandaMom */;
			productType = "com.apple.product-type.tool";
		};
/* End PBXNativeTarget section */

/* Begin PBXProject section */
		3B73981D1F16521D006470FE /* Project object */ = {
			isa = PBXProject;
			attributes = {
				LastSwiftUpdateCheck = 0900;
				LastUpgradeCheck = 0900;
				ORGANIZATIONNAME = Javier;
				TargetAttributes = {
					3B7398241F16521D006470FE = {
						CreatedOnToolsVersion = 9.0;
						ProvisioningStyle = Manual;
					};
				};
			};
			buildConfigurationList = 3B7398201F16521D006470FE /* Build configuration list for PBXProject "PandaMom" */;
			compatibilityVersion = "Xcode 8.0";
			developmentRegion = en;
			hasScannedForEncodings = 0;
			knownRegions = (
				en,
			);
			mainGroup = 3B73981C1F16521D006470FE;
			productRefGroup = 3B7398261F16521D006470FE /* Products */;
			projectDirPath = "";
			projectRoot = "";
			targets = (
				3B7398241F16521D006470FE /* PandaMom */,
			);
		};
/* End PBXProject section */

/* Begin PBXSourcesBuildPhase section */
		3B7398211F16521D006470FE /* Sources */ = {
			isa = PBXSourcesBuildPhase;
			buildActionMask = 2147483647;
			files = (
				3B6B43A01F18711600CFCD05 /* Available.swift in Sources */,
				3B7398361F170D87006470FE /* StringExtensions.swift in Sources */,
				3B6B43A21F1CC3F900CFCD05 /* Config.swift in Sources */,
				3B7398321F17090A006470FE /* Property.swift in Sources */,
				3B7398291F16521D006470FE /* main.swift in Sources */,
				3B7398341F170B18006470FE /* Parser.swift in Sources */,
				3B6B43AA1F1DA93D00CFCD05 /* TypeParser.swift in Sources */,
				3B6B439E1F186D1900CFCD05 /* Type.swift in Sources */,
				3B7398381F175E8C006470FE /* Generator.swift in Sources */,
				3B73983A1F17AF67006470FE /* Files.swift in Sources */,
				3BE220D41F22EFB7005D81E9 /* Method.swift in Sources */,
			);
			runOnlyForDeploymentPostprocessing = 0;
		};
/* End PBXSourcesBuildPhase section */

/* Begin XCBuildConfiguration section */
		3B73982A1F16521D006470FE /* Debug */ = {
			isa = XCBuildConfiguration;
			buildSettings = {
				ALWAYS_SEARCH_USER_PATHS = NO;
				CLANG_ANALYZER_NONNULL = YES;
				CLANG_ANALYZER_NUMBER_OBJECT_CONVERSION = YES_AGGRESSIVE;
				CLANG_CXX_LANGUAGE_STANDARD = "gnu++14";
				CLANG_CXX_LIBRARY = "libc++";
				CLANG_ENABLE_MODULES = YES;
				CLANG_ENABLE_OBJC_ARC = YES;
				CLANG_WARN_BLOCK_CAPTURE_AUTORELEASING = YES;
				CLANG_WARN_BOOL_CONVERSION = YES;
				CLANG_WARN_COMMA = YES;
				CLANG_WARN_CONSTANT_CONVERSION = YES;
				CLANG_WARN_DIRECT_OBJC_ISA_USAGE = YES_ERROR;
				CLANG_WARN_DOCUMENTATION_COMMENTS = YES;
				CLANG_WARN_EMPTY_BODY = YES;
				CLANG_WARN_ENUM_CONVERSION = YES;
				CLANG_WARN_INFINITE_RECURSION = YES;
				CLANG_WARN_INT_CONVERSION = YES;
				CLANG_WARN_NON_LITERAL_NULL_CONVERSION = YES;
				CLANG_WARN_OBJC_LITERAL_CONVERSION = YES;
				CLANG_WARN_OBJC_ROOT_CLASS = YES_ERROR;
				CLANG_WARN_RANGE_LOOP_ANALYSIS = YES;
				CLANG_WARN_STRICT_PROTOTYPES = YES;
				CLANG_WARN_SUSPICIOUS_MOVE = YES;
				CLANG_WARN_UNGUARDED_AVAILABILITY = YES_AGGRESSIVE;
				CLANG_WARN_UNREACHABLE_CODE = YES;
				CLANG_WARN__DUPLICATE_METHOD_MATCH = YES;
				CODE_SIGN_IDENTITY = "";
				COPY_PHASE_STRIP = NO;
				DEBUG_INFORMATION_FORMAT = dwarf;
				ENABLE_STRICT_OBJC_MSGSEND = YES;
				ENABLE_TESTABILITY = YES;
				GCC_C_LANGUAGE_STANDARD = gnu11;
				GCC_DYNAMIC_NO_PIC = NO;
				GCC_NO_COMMON_BLOCKS = YES;
				GCC_OPTIMIZATION_LEVEL = 0;
				GCC_PREPROCESSOR_DEFINITIONS = (
					"DEBUG=1",
					"$(inherited)",
				);
				GCC_WARN_64_TO_32_BIT_CONVERSION = YES;
				GCC_WARN_ABOUT_RETURN_TYPE = YES_ERROR;
				GCC_WARN_UNDECLARED_SELECTOR = YES;
				GCC_WARN_UNINITIALIZED_AUTOS = YES_AGGRESSIVE;
				GCC_WARN_UNUSED_FUNCTION = YES;
				GCC_WARN_UNUSED_VARIABLE = YES;
				MACOSX_DEPLOYMENT_TARGET = 10.12;
				MTL_ENABLE_DEBUG_INFO = YES;
				ONLY_ACTIVE_ARCH = YES;
				SDKROOT = macosx;
				SWIFT_ACTIVE_COMPILATION_CONDITIONS = DEBUG;
				SWIFT_OPTIMIZATION_LEVEL = "-Onone";
			};
			name = Debug;
		};
		3B73982B1F16521D006470FE /* Release */ = {
			isa = XCBuildConfiguration;
			buildSettings = {
				ALWAYS_SEARCH_USER_PATHS = NO;
				CLANG_ANALYZER_NONNULL = YES;
				CLANG_ANALYZER_NUMBER_OBJECT_CONVERSION = YES_AGGRESSIVE;
				CLANG_CXX_LANGUAGE_STANDARD = "gnu++14";
				CLANG_CXX_LIBRARY = "libc++";
				CLANG_ENABLE_MODULES = YES;
				CLANG_ENABLE_OBJC_ARC = YES;
				CLANG_WARN_BLOCK_CAPTURE_AUTORELEASING = YES;
				CLANG_WARN_BOOL_CONVERSION = YES;
				CLANG_WARN_COMMA = YES;
				CLANG_WARN_CONSTANT_CONVERSION = YES;
				CLANG_WARN_DIRECT_OBJC_ISA_USAGE = YES_ERROR;
				CLANG_WARN_DOCUMENTATION_COMMENTS = YES;
				CLANG_WARN_EMPTY_BODY = YES;
				CLANG_WARN_ENUM_CONVERSION = YES;
				CLANG_WARN_INFINITE_RECURSION = YES;
				CLANG_WARN_INT_CONVERSION = YES;
				CLANG_WARN_NON_LITERAL_NULL_CONVERSION = YES;
				CLANG_WARN_OBJC_LITERAL_CONVERSION = YES;
				CLANG_WARN_OBJC_ROOT_CLASS = YES_ERROR;
				CLANG_WARN_RANGE_LOOP_ANALYSIS = YES;
				CLANG_WARN_STRICT_PROTOTYPES = YES;
				CLANG_WARN_SUSPICIOUS_MOVE = YES;
				CLANG_WARN_UNGUARDED_AVAILABILITY = YES_AGGRESSIVE;
				CLANG_WARN_UNREACHABLE_CODE = YES;
				CLANG_WARN__DUPLICATE_METHOD_MATCH = YES;
				CODE_SIGN_IDENTITY = "";
				COPY_PHASE_STRIP = NO;
				DEBUG_INFORMATION_FORMAT = "dwarf-with-dsym";
				ENABLE_NS_ASSERTIONS = NO;
				ENABLE_STRICT_OBJC_MSGSEND = YES;
				GCC_C_LANGUAGE_STANDARD = gnu11;
				GCC_NO_COMMON_BLOCKS = YES;
				GCC_WARN_64_TO_32_BIT_CONVERSION = YES;
				GCC_WARN_ABOUT_RETURN_TYPE = YES_ERROR;
				GCC_WARN_UNDECLARED_SELECTOR = YES;
				GCC_WARN_UNINITIALIZED_AUTOS = YES_AGGRESSIVE;
				GCC_WARN_UNUSED_FUNCTION = YES;
				GCC_WARN_UNUSED_VARIABLE = YES;
				MACOSX_DEPLOYMENT_TARGET = 10.12;
				MTL_ENABLE_DEBUG_INFO = NO;
				SDKROOT = macosx;
				SWIFT_OPTIMIZATION_LEVEL = "-Owholemodule";
			};
			name = Release;
		};
		3B73982D1F16521D006470FE /* Debug */ = {
			isa = XCBuildConfiguration;
			buildSettings = {
				CODE_SIGN_STYLE = Manual;
				DEVELOPMENT_TEAM = "";
				PRODUCT_NAME = "$(TARGET_NAME)";
				PROVISIONING_PROFILE_SPECIFIER = "";
				SWIFT_VERSION = 4.0;
			};
			name = Debug;
		};
		3B73982E1F16521D006470FE /* Release */ = {
			isa = XCBuildConfiguration;
			buildSettings = {
				CODE_SIGN_STYLE = Manual;
				DEVELOPMENT_TEAM = "";
				PRODUCT_NAME = "$(TARGET_NAME)";
				PROVISIONING_PROFILE_SPECIFIER = "";
				SWIFT_VERSION = 4.0;
			};
			name = Release;
		};
/* End XCBuildConfiguration section */

/* Begin XCConfigurationList section */
		3B7398201F16521D006470FE /* Build configuration list for PBXProject "PandaMom" */ = {
			isa = XCConfigurationList;
			buildConfigurations = (
				3B73982A1F16521D006470FE /* Debug */,
				3B73982B1F16521D006470FE /* Release */,
			);
			defaultConfigurationIsVisible = 0;
			defaultConfigurationName = Release;
		};
		3B73982C1F16521D006470FE /* Build configuration list for PBXNativeTarget "PandaMom" */ = {
			isa = XCConfigurationList;
			buildConfigurations = (
				3B73982D1F16521D006470FE /* Debug */,
				3B73982E1F16521D006470FE /* Release */,
			);
			defaultConfigurationIsVisible = 0;
			defaultConfigurationName = Release;
		};
/* End XCConfigurationList section */
	};
	rootObject = 3B73981D1F16521D006470FE /* Project object */;
}
